PODS:
  - AFNetworking (3.1.0):
    - AFNetworking/NSURLSession (= 3.1.0)
    - AFNetworking/Reachability (= 3.1.0)
    - AFNetworking/Security (= 3.1.0)
    - AFNetworking/Serialization (= 3.1.0)
    - AFNetworking/UIKit (= 3.1.0)
  - AFNetworking/NSURLSession (3.1.0):
    - AFNetworking/Reachability
    - AFNetworking/Security
    - AFNetworking/Serialization
  - AFNetworking/Reachability (3.1.0)
  - AFNetworking/Security (3.1.0)
  - AFNetworking/Serialization (3.1.0)
  - AFNetworking/UIKit (3.1.0):
    - AFNetworking/NSURLSession
  - HMSegmentedControl (1.5.2)
  - JGProgressHUD (1.3.4)
  - JSONModel (1.2.0)
  - MagicalRecord (2.3.2):
    - MagicalRecord/Core (= 2.3.2)
  - MagicalRecord/Core (2.3.2)
  - Masonry (1.0.1)
  - MJExtension (3.0.11)
  - MJRefresh (3.1.10)
  - ReactiveCocoa (4.2.1):
    - Result (~> 2.0)
  - Result (2.1.2)
  - SDCycleScrollView (1.65):
    - SDWebImage (~> 3.7)
  - SDWebImage (3.8.1):
    - SDWebImage/Core (= 3.8.1)
  - SDWebImage/Core (3.8.1)
  - YYKit (1.0.7):
    - YYKit/no-arc (= 1.0.7)
  - YYKit/no-arc (1.0.7)

DEPENDENCIES:
  - AFNetworking
  - HMSegmentedControl
  - JGProgressHUD
  - JSONModel
  - MagicalRecord
  - Masonry
  - MJExtension
  - MJRefresh
  - ReactiveCocoa
  - SDCycleScrollView
  - SDWebImage
  - YYKit

SPEC CHECKSUMS:
  AFNetworking: 5e0e199f73d8626b11e79750991f5d173d1f8b67
  HMSegmentedControl: 83b9686022d2176fb6457d2bdb61e5d6393fed7d
  JGProgressHUD: fc8587fdcaad0f518529045cef0fb2ed3d030fbe
  JSONModel: 12523685c4b623553ccf844bbbf7007624317b2c
  MagicalRecord: 53bed74b4323b930992a725be713e53b37d19755
  Masonry: a1a931a0d08870ed8ae415a2ea5ea68ebcac77df
  MJExtension: f9ae6ddc0f1c482c3c9af750280ccebd14381958
  MJRefresh: bb72948c985914b0b5cecac573a2c69a8915fb02
  ReactiveCocoa: 5a42745f11ea236f405bb9ce5e97c5e3b23562dd
  Result: 6e722d4a66b1408680dbfcdf51c0b1c4b706316a
  SDCycleScrollView: f72904c77698a7f93a41bcbbc2d78b073bf7326c
  SDWebImage: 35f9627a3e44b4f292a8a8ce6a531fa488239b91
  YYKit: 843d1b26e20b82c695790c9a89907eaa1e99907f

PODFILE CHECKSUM: f73e1785bb5f81175ee0c05ef60de731098cabbd

COCOAPODS: 1.0.1
